{
  "requires": true,
  "lockfileVersion": 1,
  "dependencies": {
    "bourbon-neat": {
      "version": "2.1.0",
      "resolved": "https://registry.npmjs.org/bourbon-neat/-/bourbon-neat-2.1.0.tgz",
      "integrity": "sha512-zJn8gEIIM2001F08WvX8WJJ24+8P+3i4J2EoaY5ohu4nU5PBak37w8x5jvPdHpoOnj6LwYMdddFlYkM+TvTAlA==",
      "dev": true
    },
    "node-neat": {
      "version": "2.0.0-beta.0",
      "resolved": "https://registry.npmjs.org/node-neat/-/node-neat-2.0.0-beta.0.tgz",
      "integrity": "sha1-0DUn+YkWJeFKpmFowP4g6+PeCps=",
      "dev": true,
      "requires": {
        "bourbon-neat": "^2.0.0"
      }
    }
  }
}
